
Microsoft Visual Studio Solution File, Format Version 12.00
# Visual Studio Version 17
VisualStudioVersion = 17.14.36401.2
MinimumVisualStudioVersion = 10.0.40219.1
Project("{8BC9CEB8-8B4A-11D0-8D11-00A0C91BC942}") = "mayor numero", "mayor numero\mayor numero.vcxproj", "{B4DB876B-F504-4880-95B4-A7A0277D39EE}"
EndProject
Project("{8BC9CEB8-8B4A-11D0-8D11-00A0C91BC942}") = "MasterMind", "MasterMind\MasterMind.vcxproj", "{CE870E4E-C257-48AF-AE0F-85E9AA3A7485}"
EndProject
Project("{8BC9CEB8-8B4A-11D0-8D11-00A0C91BC942}") = "prueba", "prueba\prueba.vcxproj", "{7DD42DD1-BF4F-4880-9D31-B11C546251B6}"
EndProject
Project("{8BC9CEB8-8B4A-11D0-8D11-00A0C91BC942}") = "floreros", "floreros\floreros.vcxproj", "{C1FD6D6F-E457-4C08-8A6D-38E8F5112E8B}"
EndProject
Project("{8BC9CEB8-8B4A-11D0-8D11-00A0C91BC942}") = "Contar Numeros", "Contar Numeros\Contar Numeros.vcxproj", "{AA064254-F9BA-45C8-9E45-4389479AA8AC}"
EndProject
Project("{8BC9CEB8-8B4A-11D0-8D11-00A0C91BC942}") = "piramide", "piramide\piramide.vcxproj", "{8E351AD1-E718-4799-9020-10BC44182D80}"
EndProject
Project("{8BC9CEB8-8B4A-11D0-8D11-00A0C91BC942}") = "Ecuacion", "Ecuacion\Ecuacion.vcxproj", "{32856090-FE2A-4BE3-9D84-A7CFD76FF499}"
EndProject
Project("{8BC9CEB8-8B4A-11D0-8D11-00A0C91BC942}") = "Piramide de bolas", "Piramide de bolas\Piramide de bolas.vcxproj", "{64B11800-B58B-40C9-B372-A5FC5B7216FD}"
EndProject
Project("{8BC9CEB8-8B4A-11D0-8D11-00A0C91BC942}") = "narcisista", "narcisista\narcisista.vcxproj", "{432F0484-4508-4243-BC8E-CBE55A86F7F0}"
EndProject
Project("{8BC9CEB8-8B4A-11D0-8D11-00A0C91BC942}") = "Fibonacci", "Fibonacci\Fibonacci.vcxproj", "{3B6BF149-4834-4C10-A679-DEA235A41316}"
EndProject
Project("{8BC9CEB8-8B4A-11D0-8D11-00A0C91BC942}") = "Reloj que se atrasa", "Reloj que se atrasa\Reloj que se atrasa.vcxproj", "{775E1AAB-9CA6-4169-A911-79C4695A598A}"
EndProject
Project("{8BC9CEB8-8B4A-11D0-8D11-00A0C91BC942}") = "PilaStruc", "PilaStruc\PilaStruc.vcxproj", "{44E9A278-F853-4529-9015-2F0F120342D3}"
EndProject
Project("{8BC9CEB8-8B4A-11D0-8D11-00A0C91BC942}") = "Queue", "Queue\Queue.vcxproj", "{3E69E739-B8F9-4F2C-B2CB-0CAB1FDCB394}"
EndProject
Project("{8BC9CEB8-8B4A-11D0-8D11-00A0C91BC942}") = "Primos", "Primos\Primos.vcxproj", "{B7A9ECB7-1813-4B61-9BD8-0C54D61D89FA}"
EndProject
Global
	GlobalSection(SolutionConfigurationPlatforms) = preSolution
		Debug|Any CPU = Debug|Any CPU
		Debug|x64 = Debug|x64
		Debug|x86 = Debug|x86
		Release|Any CPU = Release|Any CPU
		Release|x64 = Release|x64
		Release|x86 = Release|x86
	EndGlobalSection
	GlobalSection(ProjectConfigurationPlatforms) = postSolution
		{B4DB876B-F504-4880-95B4-A7A0277D39EE}.Debug|Any CPU.ActiveCfg = Debug|x64
		{B4DB876B-F504-4880-95B4-A7A0277D39EE}.Debug|Any CPU.Build.0 = Debug|x64
		{B4DB876B-F504-4880-95B4-A7A0277D39EE}.Debug|x64.ActiveCfg = Debug|x64
		{B4DB876B-F504-4880-95B4-A7A0277D39EE}.Debug|x64.Build.0 = Debug|x64
		{B4DB876B-F504-4880-95B4-A7A0277D39EE}.Debug|x86.ActiveCfg = Debug|Win32
		{B4DB876B-F504-4880-95B4-A7A0277D39EE}.Debug|x86.Build.0 = Debug|Win32
		{B4DB876B-F504-4880-95B4-A7A0277D39EE}.Release|Any CPU.ActiveCfg = Release|x64
		{B4DB876B-F504-4880-95B4-A7A0277D39EE}.Release|Any CPU.Build.0 = Release|x64
		{B4DB876B-F504-4880-95B4-A7A0277D39EE}.Release|x64.ActiveCfg = Release|x64
		{B4DB876B-F504-4880-95B4-A7A0277D39EE}.Release|x64.Build.0 = Release|x64
		{B4DB876B-F504-4880-95B4-A7A0277D39EE}.Release|x86.ActiveCfg = Release|Win32
		{B4DB876B-F504-4880-95B4-A7A0277D39EE}.Release|x86.Build.0 = Release|Win32
		{CE870E4E-C257-48AF-AE0F-85E9AA3A7485}.Debug|Any CPU.ActiveCfg = Debug|x64
		{CE870E4E-C257-48AF-AE0F-85E9AA3A7485}.Debug|Any CPU.Build.0 = Debug|x64
		{CE870E4E-C257-48AF-AE0F-85E9AA3A7485}.Debug|x64.ActiveCfg = Debug|x64
		{CE870E4E-C257-48AF-AE0F-85E9AA3A7485}.Debug|x64.Build.0 = Debug|x64
		{CE870E4E-C257-48AF-AE0F-85E9AA3A7485}.Debug|x86.ActiveCfg = Debug|Win32
		{CE870E4E-C257-48AF-AE0F-85E9AA3A7485}.Debug|x86.Build.0 = Debug|Win32
		{CE870E4E-C257-48AF-AE0F-85E9AA3A7485}.Release|Any CPU.ActiveCfg = Release|x64
		{CE870E4E-C257-48AF-AE0F-85E9AA3A7485}.Release|Any CPU.Build.0 = Release|x64
		{CE870E4E-C257-48AF-AE0F-85E9AA3A7485}.Release|x64.ActiveCfg = Release|x64
		{CE870E4E-C257-48AF-AE0F-85E9AA3A7485}.Release|x64.Build.0 = Release|x64
		{CE870E4E-C257-48AF-AE0F-85E9AA3A7485}.Release|x86.ActiveCfg = Release|Win32
		{CE870E4E-C257-48AF-AE0F-85E9AA3A7485}.Release|x86.Build.0 = Release|Win32
		{7DD42DD1-BF4F-4880-9D31-B11C546251B6}.Debug|Any CPU.ActiveCfg = Debug|x64
		{7DD42DD1-BF4F-4880-9D31-B11C546251B6}.Debug|Any CPU.Build.0 = Debug|x64
		{7DD42DD1-BF4F-4880-9D31-B11C546251B6}.Debug|x64.ActiveCfg = Debug|x64
		{7DD42DD1-BF4F-4880-9D31-B11C546251B6}.Debug|x64.Build.0 = Debug|x64
		{7DD42DD1-BF4F-4880-9D31-B11C546251B6}.Debug|x86.ActiveCfg = Debug|Win32
		{7DD42DD1-BF4F-4880-9D31-B11C546251B6}.Debug|x86.Build.0 = Debug|Win32
		{7DD42DD1-BF4F-4880-9D31-B11C546251B6}.Release|Any CPU.ActiveCfg = Release|x64
		{7DD42DD1-BF4F-4880-9D31-B11C546251B6}.Release|Any CPU.Build.0 = Release|x64
		{7DD42DD1-BF4F-4880-9D31-B11C546251B6}.Release|x64.ActiveCfg = Release|x64
		{7DD42DD1-BF4F-4880-9D31-B11C546251B6}.Release|x64.Build.0 = Release|x64
		{7DD42DD1-BF4F-4880-9D31-B11C546251B6}.Release|x86.ActiveCfg = Release|Win32
		{7DD42DD1-BF4F-4880-9D31-B11C546251B6}.Release|x86.Build.0 = Release|Win32
		{C1FD6D6F-E457-4C08-8A6D-38E8F5112E8B}.Debug|Any CPU.ActiveCfg = Debug|x64
		{C1FD6D6F-E457-4C08-8A6D-38E8F5112E8B}.Debug|Any CPU.Build.0 = Debug|x64
		{C1FD6D6F-E457-4C08-8A6D-38E8F5112E8B}.Debug|x64.ActiveCfg = Debug|x64
		{C1FD6D6F-E457-4C08-8A6D-38E8F5112E8B}.Debug|x64.Build.0 = Debug|x64
		{C1FD6D6F-E457-4C08-8A6D-38E8F5112E8B}.Debug|x86.ActiveCfg = Debug|Win32
		{C1FD6D6F-E457-4C08-8A6D-38E8F5112E8B}.Debug|x86.Build.0 = Debug|Win32
		{C1FD6D6F-E457-4C08-8A6D-38E8F5112E8B}.Release|Any CPU.ActiveCfg = Release|x64
		{C1FD6D6F-E457-4C08-8A6D-38E8F5112E8B}.Release|Any CPU.Build.0 = Release|x64
		{C1FD6D6F-E457-4C08-8A6D-38E8F5112E8B}.Release|x64.ActiveCfg = Release|x64
		{C1FD6D6F-E457-4C08-8A6D-38E8F5112E8B}.Release|x64.Build.0 = Release|x64
		{C1FD6D6F-E457-4C08-8A6D-38E8F5112E8B}.Release|x86.ActiveCfg = Release|Win32
		{C1FD6D6F-E457-4C08-8A6D-38E8F5112E8B}.Release|x86.Build.0 = Release|Win32
		{AA064254-F9BA-45C8-9E45-4389479AA8AC}.Debug|Any CPU.ActiveCfg = Debug|x64
		{AA064254-F9BA-45C8-9E45-4389479AA8AC}.Debug|Any CPU.Build.0 = Debug|x64
		{AA064254-F9BA-45C8-9E45-4389479AA8AC}.Debug|x64.ActiveCfg = Debug|x64
		{AA064254-F9BA-45C8-9E45-4389479AA8AC}.Debug|x64.Build.0 = Debug|x64
		{AA064254-F9BA-45C8-9E45-4389479AA8AC}.Debug|x86.ActiveCfg = Debug|Win32
		{AA064254-F9BA-45C8-9E45-4389479AA8AC}.Debug|x86.Build.0 = Debug|Win32
		{AA064254-F9BA-45C8-9E45-4389479AA8AC}.Release|Any CPU.ActiveCfg = Release|x64
		{AA064254-F9BA-45C8-9E45-4389479AA8AC}.Release|Any CPU.Build.0 = Release|x64
		{AA064254-F9BA-45C8-9E45-4389479AA8AC}.Release|x64.ActiveCfg = Release|x64
		{AA064254-F9BA-45C8-9E45-4389479AA8AC}.Release|x64.Build.0 = Release|x64
		{AA064254-F9BA-45C8-9E45-4389479AA8AC}.Release|x86.ActiveCfg = Release|Win32
		{AA064254-F9BA-45C8-9E45-4389479AA8AC}.Release|x86.Build.0 = Release|Win32
		{8E351AD1-E718-4799-9020-10BC44182D80}.Debug|Any CPU.ActiveCfg = Debug|x64
		{8E351AD1-E718-4799-9020-10BC44182D80}.Debug|Any CPU.Build.0 = Debug|x64
		{8E351AD1-E718-4799-9020-10BC44182D80}.Debug|x64.ActiveCfg = Debug|x64
		{8E351AD1-E718-4799-9020-10BC44182D80}.Debug|x64.Build.0 = Debug|x64
		{8E351AD1-E718-4799-9020-10BC44182D80}.Debug|x86.ActiveCfg = Debug|Win32
		{8E351AD1-E718-4799-9020-10BC44182D80}.Debug|x86.Build.0 = Debug|Win32
		{8E351AD1-E718-4799-9020-10BC44182D80}.Release|Any CPU.ActiveCfg = Release|x64
		{8E351AD1-E718-4799-9020-10BC44182D80}.Release|Any CPU.Build.0 = Release|x64
		{8E351AD1-E718-4799-9020-10BC44182D80}.Release|x64.ActiveCfg = Release|x64
		{8E351AD1-E718-4799-9020-10BC44182D80}.Release|x64.Build.0 = Release|x64
		{8E351AD1-E718-4799-9020-10BC44182D80}.Release|x86.ActiveCfg = Release|Win32
		{8E351AD1-E718-4799-9020-10BC44182D80}.Release|x86.Build.0 = Release|Win32
		{32856090-FE2A-4BE3-9D84-A7CFD76FF499}.Debug|Any CPU.ActiveCfg = Debug|x64
		{32856090-FE2A-4BE3-9D84-A7CFD76FF499}.Debug|Any CPU.Build.0 = Debug|x64
		{32856090-FE2A-4BE3-9D84-A7CFD76FF499}.Debug|x64.ActiveCfg = Debug|x64
		{32856090-FE2A-4BE3-9D84-A7CFD76FF499}.Debug|x64.Build.0 = Debug|x64
		{32856090-FE2A-4BE3-9D84-A7CFD76FF499}.Debug|x86.ActiveCfg = Debug|Win32
		{32856090-FE2A-4BE3-9D84-A7CFD76FF499}.Debug|x86.Build.0 = Debug|Win32
		{32856090-FE2A-4BE3-9D84-A7CFD76FF499}.Release|Any CPU.ActiveCfg = Release|x64
		{32856090-FE2A-4BE3-9D84-A7CFD76FF499}.Release|Any CPU.Build.0 = Release|x64
		{32856090-FE2A-4BE3-9D84-A7CFD76FF499}.Release|x64.ActiveCfg = Release|x64
		{32856090-FE2A-4BE3-9D84-A7CFD76FF499}.Release|x64.Build.0 = Release|x64
		{32856090-FE2A-4BE3-9D84-A7CFD76FF499}.Release|x86.ActiveCfg = Release|Win32
		{32856090-FE2A-4BE3-9D84-A7CFD76FF499}.Release|x86.Build.0 = Release|Win32
		{64B11800-B58B-40C9-B372-A5FC5B7216FD}.Debug|Any CPU.ActiveCfg = Debug|x64
		{64B11800-B58B-40C9-B372-A5FC5B7216FD}.Debug|Any CPU.Build.0 = Debug|x64
		{64B11800-B58B-40C9-B372-A5FC5B7216FD}.Debug|x64.ActiveCfg = Debug|x64
		{64B11800-B58B-40C9-B372-A5FC5B7216FD}.Debug|x64.Build.0 = Debug|x64
		{64B11800-B58B-40C9-B372-A5FC5B7216FD}.Debug|x86.ActiveCfg = Debug|Win32
		{64B11800-B58B-40C9-B372-A5FC5B7216FD}.Debug|x86.Build.0 = Debug|Win32
		{64B11800-B58B-40C9-B372-A5FC5B7216FD}.Release|Any CPU.ActiveCfg = Release|x64
		{64B11800-B58B-40C9-B372-A5FC5B7216FD}.Release|Any CPU.Build.0 = Release|x64
		{64B11800-B58B-40C9-B372-A5FC5B7216FD}.Release|x64.ActiveCfg = Release|x64
		{64B11800-B58B-40C9-B372-A5FC5B7216FD}.Release|x64.Build.0 = Release|x64
		{64B11800-B58B-40C9-B372-A5FC5B7216FD}.Release|x86.ActiveCfg = Release|Win32
		{64B11800-B58B-40C9-B372-A5FC5B7216FD}.Release|x86.Build.0 = Release|Win32
		{432F0484-4508-4243-BC8E-CBE55A86F7F0}.Debug|Any CPU.ActiveCfg = Debug|x64
		{432F0484-4508-4243-BC8E-CBE55A86F7F0}.Debug|Any CPU.Build.0 = Debug|x64
		{432F0484-4508-4243-BC8E-CBE55A86F7F0}.Debug|x64.ActiveCfg = Debug|x64
		{432F0484-4508-4243-BC8E-CBE55A86F7F0}.Debug|x64.Build.0 = Debug|x64
		{432F0484-4508-4243-BC8E-CBE55A86F7F0}.Debug|x86.ActiveCfg = Debug|Win32
		{432F0484-4508-4243-BC8E-CBE55A86F7F0}.Debug|x86.Build.0 = Debug|Win32
		{432F0484-4508-4243-BC8E-CBE55A86F7F0}.Release|Any CPU.ActiveCfg = Release|x64
		{432F0484-4508-4243-BC8E-CBE55A86F7F0}.Release|Any CPU.Build.0 = Release|x64
		{432F0484-4508-4243-BC8E-CBE55A86F7F0}.Release|x64.ActiveCfg = Release|x64
		{432F0484-4508-4243-BC8E-CBE55A86F7F0}.Release|x64.Build.0 = Release|x64
		{432F0484-4508-4243-BC8E-CBE55A86F7F0}.Release|x86.ActiveCfg = Release|Win32
		{432F0484-4508-4243-BC8E-CBE55A86F7F0}.Release|x86.Build.0 = Release|Win32
		{3B6BF149-4834-4C10-A679-DEA235A41316}.Debug|Any CPU.ActiveCfg = Debug|x64
		{3B6BF149-4834-4C10-A679-DEA235A41316}.Debug|Any CPU.Build.0 = Debug|x64
		{3B6BF149-4834-4C10-A679-DEA235A41316}.Debug|x64.ActiveCfg = Debug|x64
		{3B6BF149-4834-4C10-A679-DEA235A41316}.Debug|x64.Build.0 = Debug|x64
		{3B6BF149-4834-4C10-A679-DEA235A41316}.Debug|x86.ActiveCfg = Debug|Win32
		{3B6BF149-4834-4C10-A679-DEA235A41316}.Debug|x86.Build.0 = Debug|Win32
		{3B6BF149-4834-4C10-A679-DEA235A41316}.Release|Any CPU.ActiveCfg = Release|x64
		{3B6BF149-4834-4C10-A679-DEA235A41316}.Release|Any CPU.Build.0 = Release|x64
		{3B6BF149-4834-4C10-A679-DEA235A41316}.Release|x64.ActiveCfg = Release|x64
		{3B6BF149-4834-4C10-A679-DEA235A41316}.Release|x64.Build.0 = Release|x64
		{3B6BF149-4834-4C10-A679-DEA235A41316}.Release|x86.ActiveCfg = Release|Win32
		{3B6BF149-4834-4C10-A679-DEA235A41316}.Release|x86.Build.0 = Release|Win32
		{775E1AAB-9CA6-4169-A911-79C4695A598A}.Debug|Any CPU.ActiveCfg = Debug|x64
		{775E1AAB-9CA6-4169-A911-79C4695A598A}.Debug|Any CPU.Build.0 = Debug|x64
		{775E1AAB-9CA6-4169-A911-79C4695A598A}.Debug|x64.ActiveCfg = Debug|x64
		{775E1AAB-9CA6-4169-A911-79C4695A598A}.Debug|x64.Build.0 = Debug|x64
		{775E1AAB-9CA6-4169-A911-79C4695A598A}.Debug|x86.ActiveCfg = Debug|Win32
		{775E1AAB-9CA6-4169-A911-79C4695A598A}.Debug|x86.Build.0 = Debug|Win32
		{775E1AAB-9CA6-4169-A911-79C4695A598A}.Release|Any CPU.ActiveCfg = Release|x64
		{775E1AAB-9CA6-4169-A911-79C4695A598A}.Release|Any CPU.Build.0 = Release|x64
		{775E1AAB-9CA6-4169-A911-79C4695A598A}.Release|x64.ActiveCfg = Release|x64
		{775E1AAB-9CA6-4169-A911-79C4695A598A}.Release|x64.Build.0 = Release|x64
		{775E1AAB-9CA6-4169-A911-79C4695A598A}.Release|x86.ActiveCfg = Release|Win32
		{775E1AAB-9CA6-4169-A911-79C4695A598A}.Release|x86.Build.0 = Release|Win32
		{44E9A278-F853-4529-9015-2F0F120342D3}.Debug|Any CPU.ActiveCfg = Debug|x64
		{44E9A278-F853-4529-9015-2F0F120342D3}.Debug|Any CPU.Build.0 = Debug|x64
		{44E9A278-F853-4529-9015-2F0F120342D3}.Debug|x64.ActiveCfg = Debug|x64
		{44E9A278-F853-4529-9015-2F0F120342D3}.Debug|x64.Build.0 = Debug|x64
		{44E9A278-F853-4529-9015-2F0F120342D3}.Debug|x86.ActiveCfg = Debug|Win32
		{44E9A278-F853-4529-9015-2F0F120342D3}.Debug|x86.Build.0 = Debug|Win32
		{44E9A278-F853-4529-9015-2F0F120342D3}.Release|Any CPU.ActiveCfg = Release|x64
		{44E9A278-F853-4529-9015-2F0F120342D3}.Release|Any CPU.Build.0 = Release|x64
		{44E9A278-F853-4529-9015-2F0F120342D3}.Release|x64.ActiveCfg = Release|x64
		{44E9A278-F853-4529-9015-2F0F120342D3}.Release|x64.Build.0 = Release|x64
		{44E9A278-F853-4529-9015-2F0F120342D3}.Release|x86.ActiveCfg = Release|Win32
		{44E9A278-F853-4529-9015-2F0F120342D3}.Release|x86.Build.0 = Release|Win32
		{3E69E739-B8F9-4F2C-B2CB-0CAB1FDCB394}.Debug|Any CPU.ActiveCfg = Debug|x64
		{3E69E739-B8F9-4F2C-B2CB-0CAB1FDCB394}.Debug|Any CPU.Build.0 = Debug|x64
		{3E69E739-B8F9-4F2C-B2CB-0CAB1FDCB394}.Debug|x64.ActiveCfg = Debug|x64
		{3E69E739-B8F9-4F2C-B2CB-0CAB1FDCB394}.Debug|x64.Build.0 = Debug|x64
		{3E69E739-B8F9-4F2C-B2CB-0CAB1FDCB394}.Debug|x86.ActiveCfg = Debug|Win32
		{3E69E739-B8F9-4F2C-B2CB-0CAB1FDCB394}.Debug|x86.Build.0 = Debug|Win32
		{3E69E739-B8F9-4F2C-B2CB-0CAB1FDCB394}.Release|Any CPU.ActiveCfg = Release|x64
		{3E69E739-B8F9-4F2C-B2CB-0CAB1FDCB394}.Release|Any CPU.Build.0 = Release|x64
		{3E69E739-B8F9-4F2C-B2CB-0CAB1FDCB394}.Release|x64.ActiveCfg = Release|x64
		{3E69E739-B8F9-4F2C-B2CB-0CAB1FDCB394}.Release|x64.Build.0 = Release|x64
		{3E69E739-B8F9-4F2C-B2CB-0CAB1FDCB394}.Release|x86.ActiveCfg = Release|Win32
		{3E69E739-B8F9-4F2C-B2CB-0CAB1FDCB394}.Release|x86.Build.0 = Release|Win32
		{B7A9ECB7-1813-4B61-9BD8-0C54D61D89FA}.Debug|Any CPU.ActiveCfg = Debug|x64
		{B7A9ECB7-1813-4B61-9BD8-0C54D61D89FA}.Debug|Any CPU.Build.0 = Debug|x64
		{B7A9ECB7-1813-4B61-9BD8-0C54D61D89FA}.Debug|x64.ActiveCfg = Debug|x64
		{B7A9ECB7-1813-4B61-9BD8-0C54D61D89FA}.Debug|x64.Build.0 = Debug|x64
		{B7A9ECB7-1813-4B61-9BD8-0C54D61D89FA}.Debug|x86.ActiveCfg = Debug|Win32
		{B7A9ECB7-1813-4B61-9BD8-0C54D61D89FA}.Debug|x86.Build.0 = Debug|Win32
		{B7A9ECB7-1813-4B61-9BD8-0C54D61D89FA}.Release|Any CPU.ActiveCfg = Release|x64
		{B7A9ECB7-1813-4B61-9BD8-0C54D61D89FA}.Release|Any CPU.Build.0 = Release|x64
		{B7A9ECB7-1813-4B61-9BD8-0C54D61D89FA}.Release|x64.ActiveCfg = Release|x64
		{B7A9ECB7-1813-4B61-9BD8-0C54D61D89FA}.Release|x64.Build.0 = Release|x64
		{B7A9ECB7-1813-4B61-9BD8-0C54D61D89FA}.Release|x86.ActiveCfg = Release|Win32
		{B7A9ECB7-1813-4B61-9BD8-0C54D61D89FA}.Release|x86.Build.0 = Release|Win32
	EndGlobalSection
	GlobalSection(SolutionProperties) = preSolution
		HideSolutionNode = FALSE
	EndGlobalSection
	GlobalSection(ExtensibilityGlobals) = postSolution
		SolutionGuid = {DF6A89F0-5815-4731-9FB0-74BC2908561D}
	EndGlobalSection
EndGlobal
